
Microsoft Visual Studio Solution File, Format Version 12.00
# Visual Studio Version 17
VisualStudioVersion = 17.0.32002.185
MinimumVisualStudioVersion = 10.0.40219.1
Project("{8BC9CEB8-8B4A-11D0-8D11-00A0C91BC942}") = "PAVIC_PROJECT_IMAGE_PROCESSING_2022", "PAVIC_PROJECT_IMAGE_PROCESSING_2022.vcxproj", "{268557E9-CA35-4D77-A4C3-43C383F6274B}"
EndProject
Project("{8BC9CEB8-8B4A-11D0-8D11-00A0C91BC942}") = "TrackBarControl", "..\TrackBarControl\TrackBarControl.vcxproj", "{8482785E-4745-4E1F-8D0A-ABD5473CD82E}"
EndProject
Global
	GlobalSection(SolutionConfigurationPlatforms) = preSolution
		Debug|x64 = Debug|x64
		Debug|x86 = Debug|x86
		Release|x64 = Release|x64
		Release|x86 = Release|x86
	EndGlobalSection
	GlobalSection(ProjectConfigurationPlatforms) = postSolution
		{268557E9-CA35-4D77-A4C3-43C383F6274B}.Debug|x64.ActiveCfg = Debug|x64
		{268557E9-CA35-4D77-A4C3-43C383F6274B}.Debug|x64.Build.0 = Debug|x64
		{268557E9-CA35-4D77-A4C3-43C383F6274B}.Debug|x86.ActiveCfg = Debug|Win32
		{268557E9-CA35-4D77-A4C3-43C383F6274B}.Debug|x86.Build.0 = Debug|Win32
		{268557E9-CA35-4D77-A4C3-43C383F6274B}.Release|x64.ActiveCfg = Release|x64
		{268557E9-CA35-4D77-A4C3-43C383F6274B}.Release|x64.Build.0 = Release|x64
		{268557E9-CA35-4D77-A4C3-43C383F6274B}.Release|x86.ActiveCfg = Release|Win32
		{268557E9-CA35-4D77-A4C3-43C383F6274B}.Release|x86.Build.0 = Release|Win32
		{8482785E-4745-4E1F-8D0A-ABD5473CD82E}.Debug|x64.ActiveCfg = Debug|x64
		{8482785E-4745-4E1F-8D0A-ABD5473CD82E}.Debug|x64.Build.0 = Debug|x64
		{8482785E-4745-4E1F-8D0A-ABD5473CD82E}.Debug|x86.ActiveCfg = Debug|Win32
		{8482785E-4745-4E1F-8D0A-ABD5473CD82E}.Debug|x86.Build.0 = Debug|Win32
		{8482785E-4745-4E1F-8D0A-ABD5473CD82E}.Release|x64.ActiveCfg = Release|x64
		{8482785E-4745-4E1F-8D0A-ABD5473CD82E}.Release|x64.Build.0 = Release|x64
		{8482785E-4745-4E1F-8D0A-ABD5473CD82E}.Release|x86.ActiveCfg = Release|Win32
		{8482785E-4745-4E1F-8D0A-ABD5473CD82E}.Release|x86.Build.0 = Release|Win32
	EndGlobalSection
	GlobalSection(SolutionProperties) = preSolution
		HideSolutionNode = FALSE
	EndGlobalSection
	GlobalSection(ExtensibilityGlobals) = postSolution
		SolutionGuid = {BCC6D604-5537-4C74-BE05-ED73A8D40F2A}
	EndGlobalSection
EndGlobal
